
Microsoft Visual Studio Solution File, Format Version 12.00
# Visual Studio Version 17
VisualStudioVersion = 17.8.34601.278
MinimumVisualStudioVersion = 10.0.40219.1
Project("{9A19103F-16F7-4668-BE54-9A1E7A4F7556}") = "ConsoleApp1", "ConsoleApp1\ConsoleApp1.csproj", "{AC1F43AA-7C01-49E2-8F0D-EEC89675A8D6}"
EndProject
Project("{FAE04EC0-301F-11D3-BF4B-00C04F79EFBC}") = "ConsoleApp2", "ConsoleApp2\ConsoleApp2.csproj", "{F0B426E0-ECCE-4307-8821-BE994AF2E1AA}"
EndProject
Global
	GlobalSection(SolutionConfigurationPlatforms) = preSolution
		Debug|Any CPU = Debug|Any CPU
		Release|Any CPU = Release|Any CPU
	EndGlobalSection
	GlobalSection(ProjectConfigurationPlatforms) = postSolution
		{AC1F43AA-7C01-49E2-8F0D-EEC89675A8D6}.Debug|Any CPU.ActiveCfg = Debug|Any CPU
		{AC1F43AA-7C01-49E2-8F0D-EEC89675A8D6}.Debug|Any CPU.Build.0 = Debug|Any CPU
		{AC1F43AA-7C01-49E2-8F0D-EEC89675A8D6}.Release|Any CPU.ActiveCfg = Release|Any CPU
		{AC1F43AA-7C01-49E2-8F0D-EEC89675A8D6}.Release|Any CPU.Build.0 = Release|Any CPU
		{F0B426E0-ECCE-4307-8821-BE994AF2E1AA}.Debug|Any CPU.ActiveCfg = Debug|Any CPU
		{F0B426E0-ECCE-4307-8821-BE994AF2E1AA}.Debug|Any CPU.Build.0 = Debug|Any CPU
		{F0B426E0-ECCE-4307-8821-BE994AF2E1AA}.Release|Any CPU.ActiveCfg = Release|Any CPU
		{F0B426E0-ECCE-4307-8821-BE994AF2E1AA}.Release|Any CPU.Build.0 = Release|Any CPU
	EndGlobalSection
	GlobalSection(SolutionProperties) = preSolution
		HideSolutionNode = FALSE
	EndGlobalSection
	GlobalSection(ExtensibilityGlobals) = postSolution
		SolutionGuid = {79C1D7EB-0B7B-40D6-9207-CF2EAEA7D987}
	EndGlobalSection
EndGlobal
